Microsoft Visual Studio Solution File, Format Version 7.00
Project("{8BC9CEB8-8B4A-11D0-8D11-00A0C91BC942}") = "siren", "siren.vcproj", "{9B08E27F-2B84-461C-B9B7-12D591423EDD}"
EndProject
Global
	GlobalSection(SolutionConfiguration) = preSolution
		ConfigName.0 = Debug
		ConfigName.1 = Release
	EndGlobalSection
	GlobalSection(ProjectDependencies) = postSolution
	EndGlobalSection
	GlobalSection(ProjectConfiguration) = postSolution
		{9B08E27F-2B84-461C-B9B7-12D591423EDD}.Debug.ActiveCfg = Debug|Win32
		{9B08E27F-2B84-461C-B9B7-12D591423EDD}.Debug.Build.0 = Debug|Win32
		{9B08E27F-2B84-461C-B9B7-12D591423EDD}.Release.ActiveCfg = Release|Win32
		{9B08E27F-2B84-461C-B9B7-12D591423EDD}.Release.Build.0 = Release|Win32
	EndGlobalSection
	GlobalSection(ExtensibilityGlobals) = postSolution
	EndGlobalSection
	GlobalSection(ExtensibilityAddIns) = postSolution
	EndGlobalSection
EndGlobal
