Microsoft Visual Studio Solution File, Format Version 8.00
Project("{8BC9CEB8-8B4A-11D0-8D11-00A0C91BC942}") = "phui", "phui.vcproj", "{04C257DA-9F5B-459C-B2A7-8EAAB4D59B8A}"
	ProjectSection(ProjectDependencies) = postProject
	EndProjectSection
EndProject
Project("{8BC9CEB8-8B4A-11D0-8D11-00A0C91BC942}") = "window", "window.vcproj", "{321E954C-0B7C-411B-9FED-ECC66E6C5BFC}"
	ProjectSection(ProjectDependencies) = postProject
		{04C257DA-9F5B-459C-B2A7-8EAAB4D59B8A} = {04C257DA-9F5B-459C-B2A7-8EAAB4D59B8A}
	EndProjectSection
EndProject
Project("{8BC9CEB8-8B4A-11D0-8D11-00A0C91BC942}") = "event", "event.vcproj", "{493DE2DA-3E86-4322-851B-FB55EBEB33CA}"
	ProjectSection(ProjectDependencies) = postProject
		{04C257DA-9F5B-459C-B2A7-8EAAB4D59B8A} = {04C257DA-9F5B-459C-B2A7-8EAAB4D59B8A}
	EndProjectSection
EndProject
Global
	GlobalSection(SolutionConfiguration) = preSolution
		Debug = Debug
		Release = Release
	EndGlobalSection
	GlobalSection(ProjectConfiguration) = postSolution
		{04C257DA-9F5B-459C-B2A7-8EAAB4D59B8A}.Debug.ActiveCfg = Debug|Win32
		{04C257DA-9F5B-459C-B2A7-8EAAB4D59B8A}.Debug.Build.0 = Debug|Win32
		{04C257DA-9F5B-459C-B2A7-8EAAB4D59B8A}.Release.ActiveCfg = Release|Win32
		{04C257DA-9F5B-459C-B2A7-8EAAB4D59B8A}.Release.Build.0 = Release|Win32
		{321E954C-0B7C-411B-9FED-ECC66E6C5BFC}.Debug.ActiveCfg = Debug|Win32
		{321E954C-0B7C-411B-9FED-ECC66E6C5BFC}.Debug.Build.0 = Debug|Win32
		{321E954C-0B7C-411B-9FED-ECC66E6C5BFC}.Release.ActiveCfg = Release|Win32
		{321E954C-0B7C-411B-9FED-ECC66E6C5BFC}.Release.Build.0 = Release|Win32
		{493DE2DA-3E86-4322-851B-FB55EBEB33CA}.Debug.ActiveCfg = Debug|Win32
		{493DE2DA-3E86-4322-851B-FB55EBEB33CA}.Debug.Build.0 = Debug|Win32
		{493DE2DA-3E86-4322-851B-FB55EBEB33CA}.Release.ActiveCfg = Release|Win32
		{493DE2DA-3E86-4322-851B-FB55EBEB33CA}.Release.Build.0 = Release|Win32
	EndGlobalSection
	GlobalSection(ExtensibilityGlobals) = postSolution
	EndGlobalSection
	GlobalSection(ExtensibilityAddIns) = postSolution
	EndGlobalSection
EndGlobal
